
Microsoft Visual Studio Solution File, Format Version 12.00
# Visual Studio Version 17
VisualStudioVersion = 17.11.35222.181
MinimumVisualStudioVersion = 10.0.40219.1
Project("{FAE04EC0-301F-11D3-BF4B-00C04F79EFBC}") = "NullMenu", "NullMenu.csproj", "{C38B7B82-2B5A-4877-9553-12DFAAB1C91A}"
EndProject
Global
	GlobalSection(SolutionConfigurationPlatforms) = preSolution
		Debug|Any CPU = Debug|Any CPU
		Release|Any CPU = Release|Any CPU
	EndGlobalSection
	GlobalSection(ProjectConfigurationPlatforms) = postSolution
		{C38B7B82-2B5A-4877-9553-12DFAAB1C91A}.Debug|Any CPU.ActiveCfg = Debug|Any CPU
		{C38B7B82-2B5A-4877-9553-12DFAAB1C91A}.Debug|Any CPU.Build.0 = Debug|Any CPU
		{C38B7B82-2B5A-4877-9553-12DFAAB1C91A}.Release|Any CPU.ActiveCfg = Release|Any CPU
		{C38B7B82-2B5A-4877-9553-12DFAAB1C91A}.Release|Any CPU.Build.0 = Release|Any CPU
	EndGlobalSection
	GlobalSection(SolutionProperties) = preSolution
		HideSolutionNode = FALSE
	EndGlobalSection
	GlobalSection(ExtensibilityGlobals) = postSolution
		SolutionGuid = {D869E0CD-4FCE-48A6-B8DC-A3BB91EB3930}
	EndGlobalSection
EndGlobal
